
Microsoft Visual Studio Solution File, Format Version 12.00
# Visual Studio Version 17
VisualStudioVersion = 17.0.31903.59
MinimumVisualStudioVersion = 10.0.40219.1
Project("{FAE04EC0-301F-11D3-BF4B-00C04F79EFBC}") = "API", "API\API.csproj", "{A05B3146-DA7D-45A5-B748-A6BD2E4DCBF1}"
EndProject
Project("{FAE04EC0-301F-11D3-BF4B-00C04F79EFBC}") = "Core", "Core\Core.csproj", "{215CFF2D-14AC-46D3-9EB6-4734FBE76BE8}"
EndProject
Project("{FAE04EC0-301F-11D3-BF4B-00C04F79EFBC}") = "Infrastructure", "Infrastructure\Infrastructure.csproj", "{E2981034-147F-47C8-B035-6F84323CC79E}"
EndProject
Global
	GlobalSection(SolutionConfigurationPlatforms) = preSolution
		Debug|Any CPU = Debug|Any CPU
		Release|Any CPU = Release|Any CPU
	EndGlobalSection
	GlobalSection(SolutionProperties) = preSolution
		HideSolutionNode = FALSE
	EndGlobalSection
	GlobalSection(ProjectConfigurationPlatforms) = postSolution
		{A05B3146-DA7D-45A5-B748-A6BD2E4DCBF1}.Debug|Any CPU.ActiveCfg = Debug|Any CPU
		{A05B3146-DA7D-45A5-B748-A6BD2E4DCBF1}.Debug|Any CPU.Build.0 = Debug|Any CPU
		{A05B3146-DA7D-45A5-B748-A6BD2E4DCBF1}.Release|Any CPU.ActiveCfg = Release|Any CPU
		{A05B3146-DA7D-45A5-B748-A6BD2E4DCBF1}.Release|Any CPU.Build.0 = Release|Any CPU
		{215CFF2D-14AC-46D3-9EB6-4734FBE76BE8}.Debug|Any CPU.ActiveCfg = Debug|Any CPU
		{215CFF2D-14AC-46D3-9EB6-4734FBE76BE8}.Debug|Any CPU.Build.0 = Debug|Any CPU
		{215CFF2D-14AC-46D3-9EB6-4734FBE76BE8}.Release|Any CPU.ActiveCfg = Release|Any CPU
		{215CFF2D-14AC-46D3-9EB6-4734FBE76BE8}.Release|Any CPU.Build.0 = Release|Any CPU
		{E2981034-147F-47C8-B035-6F84323CC79E}.Debug|Any CPU.ActiveCfg = Debug|Any CPU
		{E2981034-147F-47C8-B035-6F84323CC79E}.Debug|Any CPU.Build.0 = Debug|Any CPU
		{E2981034-147F-47C8-B035-6F84323CC79E}.Release|Any CPU.ActiveCfg = Release|Any CPU
		{E2981034-147F-47C8-B035-6F84323CC79E}.Release|Any CPU.Build.0 = Release|Any CPU
	EndGlobalSection
EndGlobal
